// !$*UTF8*$!
{
	archiveVersion = 1;
	classes = {
	};
	objectVersion = 51;
	objects = {

/* Begin PBXBuildFile section */
		4C7EEAEF230BC8FF00B0EAAC /* CodeLoginViewController.swift in Sources */ = {isa = PBXBuildFile; fileRef = 4C7EEAEE230BC8FF00B0EAAC /* CodeLoginViewController.swift */; };
		4C7EEAF1230BE40800B0EAAC /* CodeLoginViewModel.swift in Sources */ = {isa = PBXBuildFile; fileRef = 4C7EEAF0230BE40800B0EAAC /* CodeLoginViewModel.swift */; };
		4CFC9693241B1FCD001C2D5E /* HHVCManager.swift in Sources */ = {isa = PBXBuildFile; fileRef = 4CFC9692241B1FCD001C2D5E /* HHVCManager.swift */; };
		A124730522F1A3A2006CB708 /* HomeLiveDetailVC.swift in Sources */ = {isa = PBXBuildFile; fileRef = A124730422F1A3A2006CB708 /* HomeLiveDetailVC.swift */; };
		A124730822F1E4A8006CB708 /* HHSaveTool.swift in Sources */ = {isa = PBXBuildFile; fileRef = A124730722F1E4A8006CB708 /* HHSaveTool.swift */; };
		A1455CF322E82801005F7CB3 /* HomeAudioViewController.swift in Sources */ = {isa = PBXBuildFile; fileRef = A1455CF222E82801005F7CB3 /* HomeAudioViewController.swift */; };
		A1455CF522E82818005F7CB3 /* HomeLiveViewController.swift in Sources */ = {isa = PBXBuildFile; fileRef = A1455CF422E82818005F7CB3 /* HomeLiveViewController.swift */; };
		A1455CF722E82878005F7CB3 /* HomeRecommendVC.swift in Sources */ = {isa = PBXBuildFile; fileRef = A1455CF622E82878005F7CB3 /* HomeRecommendVC.swift */; };
		A1455CF922E8291C005F7CB3 /* HomeSolutionListVC.swift in Sources */ = {isa = PBXBuildFile; fileRef = A1455CF822E8291C005F7CB3 /* HomeSolutionListVC.swift */; };
		A1455CFB22E82933005F7CB3 /* HomeProjectVC.swift in Sources */ = {isa = PBXBuildFile; fileRef = A1455CFA22E82933005F7CB3 /* HomeProjectVC.swift */; };
		A1455CFD22E82969005F7CB3 /* HomeSocietyVC.swift in Sources */ = {isa = PBXBuildFile; fileRef = A1455CFC22E82969005F7CB3 /* HomeSocietyVC.swift */; };
		A1455CFF22E82988005F7CB3 /* HomeVideoListVC.swift in Sources */ = {isa = PBXBuildFile; fileRef = A1455CFE22E82988005F7CB3 /* HomeVideoListVC.swift */; };
		A1455D0622E86986005F7CB3 /* AudiolistCell.swift in Sources */ = {isa = PBXBuildFile; fileRef = A1455D0422E86986005F7CB3 /* AudiolistCell.swift */; };
		A1455D0722E86986005F7CB3 /* AudiolistCell.xib in Resources */ = {isa = PBXBuildFile; fileRef = A1455D0522E86986005F7CB3 /* AudiolistCell.xib */; };
		A1455D0C22E9AC1C005F7CB3 /* HHAudioPlayManger.swift in Sources */ = {isa = PBXBuildFile; fileRef = A1455D0B22E9AC1C005F7CB3 /* HHAudioPlayManger.swift */; };
		A148C68822F6AE300009A76A /* HHSQLModel.swift in Sources */ = {isa = PBXBuildFile; fileRef = A148C68722F6AE300009A76A /* HHSQLModel.swift */; };
		A148C68A22F6B8C20009A76A /* HHSQLRealmTool.swift in Sources */ = {isa = PBXBuildFile; fileRef = A148C68922F6B8C20009A76A /* HHSQLRealmTool.swift */; };
		A148C68E22F6BC360009A76A /* HHCircleVC.swift in Sources */ = {isa = PBXBuildFile; fileRef = A148C68D22F6BC360009A76A /* HHCircleVC.swift */; };
		A148C6CC22F83C8A0009A76A /* HHSearchViewController.swift in Sources */ = {isa = PBXBuildFile; fileRef = A148C6CB22F83C8A0009A76A /* HHSearchViewController.swift */; };
		A154092222E594F200664422 /* HHAudioController.swift in Sources */ = {isa = PBXBuildFile; fileRef = A154092122E594F200664422 /* HHAudioController.swift */; };
		A154092422E5ABF800664422 /* HHPageViewController.swift in Sources */ = {isa = PBXBuildFile; fileRef = A154092322E5ABF800664422 /* HHPageViewController.swift */; };
		A154092622E6ABD800664422 /* HHAudioListViewController.swift in Sources */ = {isa = PBXBuildFile; fileRef = A154092522E6ABD800664422 /* HHAudioListViewController.swift */; };
		A154092822E6AC2300664422 /* HHAudioIntroduceViewController.swift in Sources */ = {isa = PBXBuildFile; fileRef = A154092722E6AC2300664422 /* HHAudioIntroduceViewController.swift */; };
		A195E36E22EB2678008A817E /* HHWebViewController.swift in Sources */ = {isa = PBXBuildFile; fileRef = A195E36D22EB2678008A817E /* HHWebViewController.swift */; };
		A195E37022EC2BD1008A817E /* HHAudioAlbumViewController.swift in Sources */ = {isa = PBXBuildFile; fileRef = A195E36F22EC2BD1008A817E /* HHAudioAlbumViewController.swift */; };
		A195E38022EC4F33008A817E /* HomeAudioListCell.xib in Resources */ = {isa = PBXBuildFile; fileRef = A195E37222EC4F32008A817E /* HomeAudioListCell.xib */; };
		A195E38122EC4F33008A817E /* HomeAudioListCell.swift in Sources */ = {isa = PBXBuildFile; fileRef = A195E37322EC4F32008A817E /* HomeAudioListCell.swift */; };
		A195E38222EC4F33008A817E /* HomeAudioCell.xib in Resources */ = {isa = PBXBuildFile; fileRef = A195E37522EC4F32008A817E /* HomeAudioCell.xib */; };
		A195E38322EC4F33008A817E /* HomeBannerCell.swift in Sources */ = {isa = PBXBuildFile; fileRef = A195E37622EC4F32008A817E /* HomeBannerCell.swift */; };
		A195E38422EC4F33008A817E /* HHHomeTableViewCell.xib in Resources */ = {isa = PBXBuildFile; fileRef = A195E37722EC4F32008A817E /* HHHomeTableViewCell.xib */; };
		A195E38522EC4F33008A817E /* HHHomeTableViewCell.swift in Sources */ = {isa = PBXBuildFile; fileRef = A195E37822EC4F32008A817E /* HHHomeTableViewCell.swift */; };
		A195E38622EC4F33008A817E /* HomeAudioCollectionCell.swift in Sources */ = {isa = PBXBuildFile; fileRef = A195E37922EC4F32008A817E /* HomeAudioCollectionCell.swift */; };
		A195E38722EC4F33008A817E /* HomeAudioCell.swift in Sources */ = {isa = PBXBuildFile; fileRef = A195E37A22EC4F32008A817E /* HomeAudioCell.swift */; };
		A195E38822EC4F33008A817E /* HomeAudioCollectionCell.xib in Resources */ = {isa = PBXBuildFile; fileRef = A195E37B22EC4F32008A817E /* HomeAudioCollectionCell.xib */; };
		A195E38922EC4F33008A817E /* HomeBannerCell.xib in Resources */ = {isa = PBXBuildFile; fileRef = A195E37C22EC4F32008A817E /* HomeBannerCell.xib */; };
		A195E38A22EC4F33008A817E /* HomeLiveCollectionCell.xib in Resources */ = {isa = PBXBuildFile; fileRef = A195E37E22EC4F32008A817E /* HomeLiveCollectionCell.xib */; };
		A195E38B22EC4F33008A817E /* HomeLiveCollectionCell.swift in Sources */ = {isa = PBXBuildFile; fileRef = A195E37F22EC4F32008A817E /* HomeLiveCollectionCell.swift */; };
		A195E38D22EDE779008A817E /* NSDateExtension.swift in Sources */ = {isa = PBXBuildFile; fileRef = A195E38C22EDE779008A817E /* NSDateExtension.swift */; };
		A195E38F22EEE4BA008A817E /* NSUrlExtension.swift in Sources */ = {isa = PBXBuildFile; fileRef = A195E38E22EEE4BA008A817E /* NSUrlExtension.swift */; };
		A195E39122EEF8C8008A817E /* NSStringExtension.swift in Sources */ = {isa = PBXBuildFile; fileRef = A195E39022EEF8C8008A817E /* NSStringExtension.swift */; };
		A1A14CB322DCB5AC006C3680 /* AppDelegate.swift in Sources */ = {isa = PBXBuildFile; fileRef = A1A14CB222DCB5AC006C3680 /* AppDelegate.swift */; };
		A1A14CBA22DCB5AF006C3680 /* Assets.xcassets in Resources */ = {isa = PBXBuildFile; fileRef = A1A14CB922DCB5AF006C3680 /* Assets.xcassets */; };
		A1A14CBD22DCB5AF006C3680 /* LaunchScreen.storyboard in Resources */ = {isa = PBXBuildFile; fileRef = A1A14CBB22DCB5AF006C3680 /* LaunchScreen.storyboard */; };
		A1A14CC822DCB5AF006C3680 /* SwiftHuoHuaTests.swift in Sources */ = {isa = PBXBuildFile; fileRef = A1A14CC722DCB5AF006C3680 /* SwiftHuoHuaTests.swift */; };
		A1A14CD322DCB5AF006C3680 /* SwiftHuoHuaUITests.swift in Sources */ = {isa = PBXBuildFile; fileRef = A1A14CD222DCB5AF006C3680 /* SwiftHuoHuaUITests.swift */; };
		A1A14CE122DD7530006C3680 /* HHTabBarController.swift in Sources */ = {isa = PBXBuildFile; fileRef = A1A14CE022DD7530006C3680 /* HHTabBarController.swift */; };
		A1A14CE622DD7E55006C3680 /* HomeViewController.swift in Sources */ = {isa = PBXBuildFile; fileRef = A1A14CE522DD7E55006C3680 /* HomeViewController.swift */; };
		A1A14CE822DDA25D006C3680 /* HHNavigationController.swift in Sources */ = {isa = PBXBuildFile; fileRef = A1A14CE722DDA25D006C3680 /* HHNavigationController.swift */; };
		A1A14CEC22DDA569006C3680 /* HHBaseViewController.swift in Sources */ = {isa = PBXBuildFile; fileRef = A1A14CEB22DDA569006C3680 /* HHBaseViewController.swift */; };
		A1A14CEE22DDA5A4006C3680 /* HomeDetailViewController.swift in Sources */ = {isa = PBXBuildFile; fileRef = A1A14CED22DDA5A4006C3680 /* HomeDetailViewController.swift */; };
		A1A14CF122DDAA52006C3680 /* HHDevice.swift in Sources */ = {isa = PBXBuildFile; fileRef = A1A14CF022DDAA52006C3680 /* HHDevice.swift */; };
		A1A14CF522DDED74006C3680 /* UIColorExtension.swift in Sources */ = {isa = PBXBuildFile; fileRef = A1A14CF422DDED74006C3680 /* UIColorExtension.swift */; };
		A1A14CF822DEBDD8006C3680 /* HHHTTPService.swift in Sources */ = {isa = PBXBuildFile; fileRef = A1A14CF722DEBDD8006C3680 /* HHHTTPService.swift */; };
		A1A14CFA22DECB2E006C3680 /* UIViewControllerExtension.swift in Sources */ = {isa = PBXBuildFile; fileRef = A1A14CF922DECB2E006C3680 /* UIViewControllerExtension.swift */; };
		A1A14CFD22DF17F2006C3680 /* HHModel.swift in Sources */ = {isa = PBXBuildFile; fileRef = A1A14CFC22DF17F2006C3680 /* HHModel.swift */; };
		A1E0810E22DF4CE600C6E4E5 /* LoginViewController.swift in Sources */ = {isa = PBXBuildFile; fileRef = A1E0810D22DF4CE600C6E4E5 /* LoginViewController.swift */; };
		A1E0811322E161E800C6E4E5 /* NSStringEncryption.swift in Sources */ = {isa = PBXBuildFile; fileRef = A1E0811222E161E800C6E4E5 /* NSStringEncryption.swift */; };
		A1E0811622E1C43300C6E4E5 /* HHUser.swift in Sources */ = {isa = PBXBuildFile; fileRef = A1E0811522E1C43300C6E4E5 /* HHUser.swift */; };
		A1E0811822E42F1000C6E4E5 /* HHComment.swift in Sources */ = {isa = PBXBuildFile; fileRef = A1E0811722E42F1000C6E4E5 /* HHComment.swift */; };
		A1E0811C22E433AF00C6E4E5 /* HHRefresh.swift in Sources */ = {isa = PBXBuildFile; fileRef = A1E0811B22E433AF00C6E4E5 /* HHRefresh.swift */; };
		A6DFAAA10B354DC14A9FB832 /* Pods_SwiftHuoHua.framework in Frameworks */ = {isa = PBXBuildFile; fileRef = A2F5D2FF005F116DF532ACA5 /* Pods_SwiftHuoHua.framework */; };
/* End PBXBuildFile section */

/* Begin PBXContainerItemProxy section */
		A1A14CC422DCB5AF006C3680 /* PBXContainerItemProxy */ = {
			isa = PBXContainerItemProxy;
			containerPortal = A1A14CA722DCB5AC006C3680 /* Project object */;
			proxyType = 1;
			remoteGlobalIDString = A1A14CAE22DCB5AC006C3680;
			remoteInfo = SwiftHuoHua;
		};
		A1A14CCF22DCB5AF006C3680 /* PBXContainerItemProxy */ = {
			isa = PBXContainerItemProxy;
			containerPortal = A1A14CA722DCB5AC006C3680 /* Project object */;
			proxyType = 1;
			remoteGlobalIDString = A1A14CAE22DCB5AC006C3680;
			remoteInfo = SwiftHuoHua;
		};
/* End PBXContainerItemProxy section */

/* Begin PBXFileReference section */
		4C7EEAEE230BC8FF00B0EAAC /* CodeLoginViewController.swift */ = {isa = PBXFileReference; lastKnownFileType = sourcecode.swift; path = CodeLoginViewController.swift; sourceTree = "<group>"; };
		4C7EEAF0230BE40800B0EAAC /* CodeLoginViewModel.swift */ = {isa = PBXFileReference; lastKnownFileType = sourcecode.swift; path = CodeLoginViewModel.swift; sourceTree = "<group>"; };
		4CFC9692241B1FCD001C2D5E /* HHVCManager.swift */ = {isa = PBXFileReference; lastKnownFileType = sourcecode.swift; path = HHVCManager.swift; sourceTree = "<group>"; };
		82C78198A9BEFDFF5721A3A5 /* Pods-SwiftHuoHua.debug.xcconfig */ = {isa = PBXFileReference; includeInIndex = 1; lastKnownFileType = text.xcconfig; name = "Pods-SwiftHuoHua.debug.xcconfig"; path = "Pods/Target Support Files/Pods-SwiftHuoHua/Pods-SwiftHuoHua.debug.xcconfig"; sourceTree = "<group>"; };
		A124730422F1A3A2006CB708 /* HomeLiveDetailVC.swift */ = {isa = PBXFileReference; lastKnownFileType = sourcecode.swift; path = HomeLiveDetailVC.swift; sourceTree = "<group>"; };
		A124730722F1E4A8006CB708 /* HHSaveTool.swift */ = {isa = PBXFileReference; lastKnownFileType = sourcecode.swift; path = HHSaveTool.swift; sourceTree = "<group>"; };
		A1455CF222E82801005F7CB3 /* HomeAudioViewController.swift */ = {isa = PBXFileReference; lastKnownFileType = sourcecode.swift; path = HomeAudioViewController.swift; sourceTree = "<group>"; };
		A1455CF422E82818005F7CB3 /* HomeLiveViewController.swift */ = {isa = PBXFileReference; lastKnownFileType = sourcecode.swift; path = HomeLiveViewController.swift; sourceTree = "<group>"; };
		A1455CF622E82878005F7CB3 /* HomeRecommendVC.swift */ = {isa = PBXFileReference; lastKnownFileType = sourcecode.swift; path = HomeRecommendVC.swift; sourceTree = "<group>"; };
		A1455CF822E8291C005F7CB3 /* HomeSolutionListVC.swift */ = {isa = PBXFileReference; lastKnownFileType = sourcecode.swift; path = HomeSolutionListVC.swift; sourceTree = "<group>"; };
		A1455CFA22E82933005F7CB3 /* HomeProjectVC.swift */ = {isa = PBXFileReference; lastKnownFileType = sourcecode.swift; path = HomeProjectVC.swift; sourceTree = "<group>"; };
		A1455CFC22E82969005F7CB3 /* HomeSocietyVC.swift */ = {isa = PBXFileReference; lastKnownFileType = sourcecode.swift; path = HomeSocietyVC.swift; sourceTree = "<group>"; };
		A1455CFE22E82988005F7CB3 /* HomeVideoListVC.swift */ = {isa = PBXFileReference; lastKnownFileType = sourcecode.swift; path = HomeVideoListVC.swift; sourceTree = "<group>"; };
		A1455D0422E86986005F7CB3 /* AudiolistCell.swift */ = {isa = PBXFileReference; lastKnownFileType = sourcecode.swift; path = AudiolistCell.swift; sourceTree = "<group>"; };
		A1455D0522E86986005F7CB3 /* AudiolistCell.xib */ = {isa = PBXFileReference; lastKnownFileType = file.xib; path = AudiolistCell.xib; sourceTree = "<group>"; };
		A1455D0B22E9AC1C005F7CB3 /* HHAudioPlayManger.swift */ = {isa = PBXFileReference; lastKnownFileType = sourcecode.swift; path = HHAudioPlayManger.swift; sourceTree = "<group>"; };
		A148C68722F6AE300009A76A /* HHSQLModel.swift */ = {isa = PBXFileReference; lastKnownFileType = sourcecode.swift; path = HHSQLModel.swift; sourceTree = "<group>"; };
		A148C68922F6B8C20009A76A /* HHSQLRealmTool.swift */ = {isa = PBXFileReference; lastKnownFileType = sourcecode.swift; path = HHSQLRealmTool.swift; sourceTree = "<group>"; };
		A148C68D22F6BC360009A76A /* HHCircleVC.swift */ = {isa = PBXFileReference; lastKnownFileType = sourcecode.swift; path = HHCircleVC.swift; sourceTree = "<group>"; };
		A148C6CB22F83C8A0009A76A /* HHSearchViewController.swift */ = {isa = PBXFileReference; lastKnownFileType = sourcecode.swift; path = HHSearchViewController.swift; sourceTree = "<group>"; };
		A154092122E594F200664422 /* HHAudioController.swift */ = {isa = PBXFileReference; lastKnownFileType = sourcecode.swift; path = HHAudioController.swift; sourceTree = "<group>"; };
		A154092322E5ABF800664422 /* HHPageViewController.swift */ = {isa = PBXFileReference; lastKnownFileType = sourcecode.swift; path = HHPageViewController.swift; sourceTree = "<group>"; };
		A154092522E6ABD800664422 /* HHAudioListViewController.swift */ = {isa = PBXFileReference; lastKnownFileType = sourcecode.swift; path = HHAudioListViewController.swift; sourceTree = "<group>"; };
		A154092722E6AC2300664422 /* HHAudioIntroduceViewController.swift */ = {isa = PBXFileReference; lastKnownFileType = sourcecode.swift; path = HHAudioIntroduceViewController.swift; sourceTree = "<group>"; };
		A195E36D22EB2678008A817E /* HHWebViewController.swift */ = {isa = PBXFileReference; lastKnownFileType = sourcecode.swift; path = HHWebViewController.swift; sourceTree = "<group>"; };
		A195E36F22EC2BD1008A817E /* HHAudioAlbumViewController.swift */ = {isa = PBXFileReference; lastKnownFileType = sourcecode.swift; path = HHAudioAlbumViewController.swift; sourceTree = "<group>"; };
		A195E37222EC4F32008A817E /* HomeAudioListCell.xib */ = {isa = PBXFileReference; fileEncoding = 4; lastKnownFileType = file.xib; path = HomeAudioListCell.xib; sourceTree = "<group>"; };
		A195E37322EC4F32008A817E /* HomeAudioListCell.swift */ = {isa = PBXFileReference; fileEncoding = 4; lastKnownFileType = sourcecode.swift; path = HomeAudioListCell.swift; sourceTree = "<group>"; };
		A195E37522EC4F32008A817E /* HomeAudioCell.xib */ = {isa = PBXFileReference; fileEncoding = 4; lastKnownFileType = file.xib; path = HomeAudioCell.xib; sourceTree = "<group>"; };
		A195E37622EC4F32008A817E /* HomeBannerCell.swift */ = {isa = PBXFileReference; fileEncoding = 4; lastKnownFileType = sourcecode.swift; path = HomeBannerCell.swift; sourceTree = "<group>"; };
		A195E37722EC4F32008A817E /* HHHomeTableViewCell.xib */ = {isa = PBXFileReference; fileEncoding = 4; lastKnownFileType = file.xib; path = HHHomeTableViewCell.xib; sourceTree = "<group>"; };
		A195E37822EC4F32008A817E /* HHHomeTableViewCell.swift */ = {isa = PBXFileReference; fileEncoding = 4; lastKnownFileType = sourcecode.swift; path = HHHomeTableViewCell.swift; sourceTree = "<group>"; };
		A195E37922EC4F32008A817E /* HomeAudioCollectionCell.swift */ = {isa = PBXFileReference; fileEncoding = 4; lastKnownFileType = sourcecode.swift; path = HomeAudioCollectionCell.swift; sourceTree = "<group>"; };
		A195E37A22EC4F32008A817E /* HomeAudioCell.swift */ = {isa = PBXFileReference; fileEncoding = 4; lastKnownFileType = sourcecode.swift; path = HomeAudioCell.swift; sourceTree = "<group>"; };
		A195E37B22EC4F32008A817E /* HomeAudioCollectionCell.xib */ = {isa = PBXFileReference; fileEncoding = 4; lastKnownFileType = file.xib; path = HomeAudioCollectionCell.xib; sourceTree = "<group>"; };
		A195E37C22EC4F32008A817E /* HomeBannerCell.xib */ = {isa = PBXFileReference; fileEncoding = 4; lastKnownFileType = file.xib; path = HomeBannerCell.xib; sourceTree = "<group>"; };
		A195E37E22EC4F32008A817E /* HomeLiveCollectionCell.xib */ = {isa = PBXFileReference; fileEncoding = 4; lastKnownFileType = file.xib; path = HomeLiveCollectionCell.xib; sourceTree = "<group>"; };
		A195E37F22EC4F32008A817E /* HomeLiveCollectionCell.swift */ = {isa = PBXFileReference; fileEncoding = 4; lastKnownFileType = sourcecode.swift; path = HomeLiveCollectionCell.swift; sourceTree = "<group>"; };
		A195E38C22EDE779008A817E /* NSDateExtension.swift */ = {isa = PBXFileReference; lastKnownFileType = sourcecode.swift; path = NSDateExtension.swift; sourceTree = "<group>"; };
		A195E38E22EEE4BA008A817E /* NSUrlExtension.swift */ = {isa = PBXFileReference; lastKnownFileType = sourcecode.swift; path = NSUrlExtension.swift; sourceTree = "<group>"; };
		A195E39022EEF8C8008A817E /* NSStringExtension.swift */ = {isa = PBXFileReference; lastKnownFileType = sourcecode.swift; path = NSStringExtension.swift; sourceTree = "<group>"; };
		A1A14CAF22DCB5AC006C3680 /* SwiftHuoHua.app */ = {isa = PBXFileReference; explicitFileType = wrapper.application; includeInIndex = 0; path = SwiftHuoHua.app; sourceTree = BUILT_PRODUCTS_DIR; };
		A1A14CB222DCB5AC006C3680 /* AppDelegate.swift */ = {isa = PBXFileReference; lastKnownFileType = sourcecode.swift; path = AppDelegate.swift; sourceTree = "<group>"; };
		A1A14CB922DCB5AF006C3680 /* Assets.xcassets */ = {isa = PBXFileReference; lastKnownFileType = folder.assetcatalog; path = Assets.xcassets; sourceTree = "<group>"; };
		A1A14CBC22DCB5AF006C3680 /* Base */ = {isa = PBXFileReference; lastKnownFileType = file.storyboard; name = Base; path = Base.lproj/LaunchScreen.storyboard; sourceTree = "<group>"; };
		A1A14CBE22DCB5AF006C3680 /* Info.plist */ = {isa = PBXFileReference; lastKnownFileType = text.plist.xml; path = Info.plist; sourceTree = "<group>"; };
		A1A14CC322DCB5AF006C3680 /* SwiftHuoHuaTests.xctest */ = {isa = PBXFileReference; explicitFileType = wrapper.cfbundle; includeInIndex = 0; path = SwiftHuoHuaTests.xctest; sourceTree = BUILT_PRODUCTS_DIR; };
		A1A14CC722DCB5AF006C3680 /* SwiftHuoHuaTests.swift */ = {isa = PBXFileReference; lastKnownFileType = sourcecode.swift; path = SwiftHuoHuaTests.swift; sourceTree = "<group>"; };
		A1A14CC922DCB5AF006C3680 /* Info.plist */ = {isa = PBXFileReference; lastKnownFileType = text.plist.xml; path = Info.plist; sourceTree = "<group>"; };
		A1A14CCE22DCB5AF006C3680 /* SwiftHuoHuaUITests.xctest */ = {isa = PBXFileReference; explicitFileType = wrapper.cfbundle; includeInIndex = 0; path = SwiftHuoHuaUITests.xctest; sourceTree = BUILT_PRODUCTS_DIR; };
		A1A14CD222DCB5AF006C3680 /* SwiftHuoHuaUITests.swift */ = {isa = PBXFileReference; lastKnownFileType = sourcecode.swift; path = SwiftHuoHuaUITests.swift; sourceTree = "<group>"; };
		A1A14CD422DCB5AF006C3680 /* Info.plist */ = {isa = PBXFileReference; lastKnownFileType = text.plist.xml; path = Info.plist; sourceTree = "<group>"; };
		A1A14CE022DD7530006C3680 /* HHTabBarController.swift */ = {isa = PBXFileReference; lastKnownFileType = sourcecode.swift; path = HHTabBarController.swift; sourceTree = "<group>"; };
		A1A14CE522DD7E55006C3680 /* HomeViewController.swift */ = {isa = PBXFileReference; lastKnownFileType = sourcecode.swift; path = HomeViewController.swift; sourceTree = "<group>"; };
		A1A14CE722DDA25D006C3680 /* HHNavigationController.swift */ = {isa = PBXFileReference; lastKnownFileType = sourcecode.swift; path = HHNavigationController.swift; sourceTree = "<group>"; };
		A1A14CEB22DDA569006C3680 /* HHBaseViewController.swift */ = {isa = PBXFileReference; lastKnownFileType = sourcecode.swift; path = HHBaseViewController.swift; sourceTree = "<group>"; };
		A1A14CED22DDA5A4006C3680 /* HomeDetailViewController.swift */ = {isa = PBXFileReference; lastKnownFileType = sourcecode.swift; path = HomeDetailViewController.swift; sourceTree = "<group>"; };
		A1A14CF022DDAA52006C3680 /* HHDevice.swift */ = {isa = PBXFileReference; lastKnownFileType = sourcecode.swift; path = HHDevice.swift; sourceTree = "<group>"; };
		A1A14CF422DDED74006C3680 /* UIColorExtension.swift */ = {isa = PBXFileReference; lastKnownFileType = sourcecode.swift; path = UIColorExtension.swift; sourceTree = "<group>"; };
		A1A14CF722DEBDD8006C3680 /* HHHTTPService.swift */ = {isa = PBXFileReference; lastKnownFileType = sourcecode.swift; path = HHHTTPService.swift; sourceTree = "<group>"; };
		A1A14CF922DECB2E006C3680 /* UIViewControllerExtension.swift */ = {isa = PBXFileReference; lastKnownFileType = sourcecode.swift; path = UIViewControllerExtension.swift; sourceTree = "<group>"; };
		A1A14CFC22DF17F2006C3680 /* HHModel.swift */ = {isa = PBXFileReference; lastKnownFileType = sourcecode.swift; path = HHModel.swift; sourceTree = "<group>"; };
		A1E0810D22DF4CE600C6E4E5 /* LoginViewController.swift */ = {isa = PBXFileReference; lastKnownFileType = sourcecode.swift; path = LoginViewController.swift; sourceTree = "<group>"; };
		A1E0811222E161E800C6E4E5 /* NSStringEncryption.swift */ = {isa = PBXFileReference; lastKnownFileType = sourcecode.swift; path = NSStringEncryption.swift; sourceTree = "<group>"; };
		A1E0811522E1C43300C6E4E5 /* HHUser.swift */ = {isa = PBXFileReference; lastKnownFileType = sourcecode.swift; path = HHUser.swift; sourceTree = "<group>"; };
		A1E0811722E42F1000C6E4E5 /* HHComment.swift */ = {isa = PBXFileReference; lastKnownFileType = sourcecode.swift; path = HHComment.swift; sourceTree = "<group>"; };
		A1E0811B22E433AF00C6E4E5 /* HHRefresh.swift */ = {isa = PBXFileReference; lastKnownFileType = sourcecode.swift; path = HHRefresh.swift; sourceTree = "<group>"; };
		A28C697FE1C075CEB8231B76 /* Pods-SwiftHuoHua.release.xcconfig */ = {isa = PBXFileReference; includeInIndex = 1; lastKnownFileType = text.xcconfig; name = "Pods-SwiftHuoHua.release.xcconfig"; path = "Pods/Target Support Files/Pods-SwiftHuoHua/Pods-SwiftHuoHua.release.xcconfig"; sourceTree = "<group>"; };
		A2F5D2FF005F116DF532ACA5 /* Pods_SwiftHuoHua.framework */ = {isa = PBXFileReference; explicitFileType = wrapper.framework; includeInIndex = 0; path = Pods_SwiftHuoHua.framework; sourceTree = BUILT_PRODUCTS_DIR; };
/* End PBXFileReference section */

/* Begin PBXFrameworksBuildPhase section */
		A1A14CAC22DCB5AC006C3680 /* Frameworks */ = {
			isa = PBXFrameworksBuildPhase;
			buildActionMask = 2147483647;
			files = (
				A6DFAAA10B354DC14A9FB832 /* Pods_SwiftHuoHua.framework in Frameworks */,
			);
			runOnlyForDeploymentPostprocessing = 0;
		};
		A1A14CC022DCB5AF006C3680 /* Frameworks */ = {
			isa = PBXFrameworksBuildPhase;
			buildActionMask = 2147483647;
			files = (
			);
			runOnlyForDeploymentPostprocessing = 0;
		};
		A1A14CCB22DCB5AF006C3680 /* Frameworks */ = {
			isa = PBXFrameworksBuildPhase;
			buildActionMask = 2147483647;
			files = (
			);
			runOnlyForDeploymentPostprocessing = 0;
		};
/* End PBXFrameworksBuildPhase section */

/* Begin PBXGroup section */
		14B03237E57C944D2FB03047 /* Pods */ = {
			isa = PBXGroup;
			children = (
				82C78198A9BEFDFF5721A3A5 /* Pods-SwiftHuoHua.debug.xcconfig */,
				A28C697FE1C075CEB8231B76 /* Pods-SwiftHuoHua.release.xcconfig */,
			);
			name = Pods;
			sourceTree = "<group>";
		};
		4C7EEAF2230BFA4900B0EAAC /* LoginViewModel */ = {
			isa = PBXGroup;
			children = (
				4C7EEAF0230BE40800B0EAAC /* CodeLoginViewModel.swift */,
			);
			path = LoginViewModel;
			sourceTree = "<group>";
		};
		4CFC9691241B1F9D001C2D5E /* HHVCManager */ = {
			isa = PBXGroup;
			children = (
				4CFC9692241B1FCD001C2D5E /* HHVCManager.swift */,
			);
			path = HHVCManager;
			sourceTree = "<group>";
		};
		A124730622F1E3D8006CB708 /* HHTool */ = {
			isa = PBXGroup;
			children = (
				A124730722F1E4A8006CB708 /* HHSaveTool.swift */,
			);
			path = HHTool;
			sourceTree = "<group>";
		};
		A1455D0A22E9AAFF005F7CB3 /* HHAudioManger */ = {
			isa = PBXGroup;
			children = (
				A1455D0B22E9AC1C005F7CB3 /* HHAudioPlayManger.swift */,
			);
			path = HHAudioManger;
			sourceTree = "<group>";
		};
		A148C68622F6ADB10009A76A /* HHSQLTool */ = {
			isa = PBXGroup;
			children = (
				A148C68722F6AE300009A76A /* HHSQLModel.swift */,
				A148C68922F6B8C20009A76A /* HHSQLRealmTool.swift */,
			);
			path = HHSQLTool;
			sourceTree = "<group>";
		};
		A148C68B22F6BBDB0009A76A /* HHCircle(社区) */ = {
			isa = PBXGroup;
			children = (
				A148C68C22F6BBF70009A76A /* HHCircleController */,
			);
			path = "HHCircle(社区)";
			sourceTree = "<group>";
		};
		A148C68C22F6BBF70009A76A /* HHCircleController */ = {
			isa = PBXGroup;
			children = (
				A148C68D22F6BC360009A76A /* HHCircleVC.swift */,
			);
			path = HHCircleController;
			sourceTree = "<group>";
		};
		A148C6C922F83C610009A76A /* HHSearch */ = {
			isa = PBXGroup;
			children = (
				A148C6CA22F83C710009A76A /* HHSearchController */,
			);
			path = HHSearch;
			sourceTree = "<group>";
		};
		A148C6CA22F83C710009A76A /* HHSearchController */ = {
			isa = PBXGroup;
			children = (
				A148C6CB22F83C8A0009A76A /* HHSearchViewController.swift */,
			);
			path = HHSearchController;
			sourceTree = "<group>";
		};
		A154091C22E5946000664422 /* HHAudio */ = {
			isa = PBXGroup;
			children = (
				A1455D0A22E9AAFF005F7CB3 /* HHAudioManger */,
				A154092022E594CD00664422 /* HHAudioController */,
				A154091F22E594CD00664422 /* HHAudioModel */,
				A154091E22E594CD00664422 /* HHAudioView */,
			);
			path = HHAudio;
			sourceTree = "<group>";
		};
		A154091E22E594CD00664422 /* HHAudioView */ = {
			isa = PBXGroup;
			children = (
				A1455D0422E86986005F7CB3 /* AudiolistCell.swift */,
				A1455D0522E86986005F7CB3 /* AudiolistCell.xib */,
			);
			path = HHAudioView;
			sourceTree = "<group>";
		};
		A154091F22E594CD00664422 /* HHAudioModel */ = {
			isa = PBXGroup;
			children = (
			);
			path = HHAudioModel;
			sourceTree = "<group>";
		};
		A154092022E594CD00664422 /* HHAudioController */ = {
			isa = PBXGroup;
			children = (
				A195E36F22EC2BD1008A817E /* HHAudioAlbumViewController.swift */,
				A154092122E594F200664422 /* HHAudioController.swift */,
				A154092522E6ABD800664422 /* HHAudioListViewController.swift */,
				A154092722E6AC2300664422 /* HHAudioIntroduceViewController.swift */,
			);
			path = HHAudioController;
			sourceTree = "<group>";
		};
		A195E37122EC4F32008A817E /* HomeAudio */ = {
			isa = PBXGroup;
			children = (
				A195E37322EC4F32008A817E /* HomeAudioListCell.swift */,
				A195E37222EC4F32008A817E /* HomeAudioListCell.xib */,
			);
			path = HomeAudio;
			sourceTree = "<group>";
		};
		A195E37422EC4F32008A817E /* HomeRecommended */ = {
			isa = PBXGroup;
			children = (
				A195E37A22EC4F32008A817E /* HomeAudioCell.swift */,
				A195E37522EC4F32008A817E /* HomeAudioCell.xib */,
				A195E37622EC4F32008A817E /* HomeBannerCell.swift */,
				A195E37C22EC4F32008A817E /* HomeBannerCell.xib */,
				A195E37822EC4F32008A817E /* HHHomeTableViewCell.swift */,
				A195E37722EC4F32008A817E /* HHHomeTableViewCell.xib */,
				A195E37922EC4F32008A817E /* HomeAudioCollectionCell.swift */,
				A195E37B22EC4F32008A817E /* HomeAudioCollectionCell.xib */,
			);
			path = HomeRecommended;
			sourceTree = "<group>";
		};
		A195E37D22EC4F32008A817E /* HomeLive */ = {
			isa = PBXGroup;
			children = (
				A195E37F22EC4F32008A817E /* HomeLiveCollectionCell.swift */,
				A195E37E22EC4F32008A817E /* HomeLiveCollectionCell.xib */,
			);
			path = HomeLive;
			sourceTree = "<group>";
		};
		A1A14CA622DCB5AC006C3680 = {
			isa = PBXGroup;
			children = (
				A1A14CB122DCB5AC006C3680 /* SwiftHuoHua */,
				A1A14CC622DCB5AF006C3680 /* SwiftHuoHuaTests */,
				A1A14CD122DCB5AF006C3680 /* SwiftHuoHuaUITests */,
				A1A14CB022DCB5AC006C3680 /* Products */,
				14B03237E57C944D2FB03047 /* Pods */,
				EBD745E2265D49BFCE98691D /* Frameworks */,
			);
			sourceTree = "<group>";
		};
		A1A14CB022DCB5AC006C3680 /* Products */ = {
			isa = PBXGroup;
			children = (
				A1A14CAF22DCB5AC006C3680 /* SwiftHuoHua.app */,
				A1A14CC322DCB5AF006C3680 /* SwiftHuoHuaTests.xctest */,
				A1A14CCE22DCB5AF006C3680 /* SwiftHuoHuaUITests.xctest */,
			);
			name = Products;
			sourceTree = "<group>";
		};
		A1A14CB122DCB5AC006C3680 /* SwiftHuoHua */ = {
			isa = PBXGroup;
			children = (
				A148C6C922F83C610009A76A /* HHSearch */,
				A154091C22E5946000664422 /* HHAudio */,
				A1E0811922E4331700C6E4E5 /* HHComponent */,
				A1E0810B22DF4C9F00C6E4E5 /* HHLogin */,
				A1A14CF622DEBD97006C3680 /* HHHttpservice */,
				A1A14CE922DDA533006C3680 /* HHBase */,
				A1A14CE222DD7D55006C3680 /* HHHome */,
				A148C68B22F6BBDB0009A76A /* HHCircle(社区) */,
				A1A14CB222DCB5AC006C3680 /* AppDelegate.swift */,
				A1A14CB922DCB5AF006C3680 /* Assets.xcassets */,
				A1A14CBB22DCB5AF006C3680 /* LaunchScreen.storyboard */,
				A1A14CBE22DCB5AF006C3680 /* Info.plist */,
			);
			path = SwiftHuoHua;
			sourceTree = "<group>";
		};
		A1A14CC622DCB5AF006C3680 /* SwiftHuoHuaTests */ = {
			isa = PBXGroup;
			children = (
				A1A14CC722DCB5AF006C3680 /* SwiftHuoHuaTests.swift */,
				A1A14CC922DCB5AF006C3680 /* Info.plist */,
			);
			path = SwiftHuoHuaTests;
			sourceTree = "<group>";
		};
		A1A14CD122DCB5AF006C3680 /* SwiftHuoHuaUITests */ = {
			isa = PBXGroup;
			children = (
				A1A14CD222DCB5AF006C3680 /* SwiftHuoHuaUITests.swift */,
				A1A14CD422DCB5AF006C3680 /* Info.plist */,
			);
			path = SwiftHuoHuaUITests;
			sourceTree = "<group>";
		};
		A1A14CE222DD7D55006C3680 /* HHHome */ = {
			isa = PBXGroup;
			children = (
				A1A14CE422DD7D80006C3680 /* HHHomeView */,
				A1A14CE322DD7D6B006C3680 /* HHHomeViewController */,
			);
			path = HHHome;
			sourceTree = "<group>";
		};
		A1A14CE322DD7D6B006C3680 /* HHHomeViewController */ = {
			isa = PBXGroup;
			children = (
				A1A14CE522DD7E55006C3680 /* HomeViewController.swift */,
				A1455CF622E82878005F7CB3 /* HomeRecommendVC.swift */,
				A1455CF222E82801005F7CB3 /* HomeAudioViewController.swift */,
				A1455CF422E82818005F7CB3 /* HomeLiveViewController.swift */,
				A1455CF822E8291C005F7CB3 /* HomeSolutionListVC.swift */,
				A1455CFA22E82933005F7CB3 /* HomeProjectVC.swift */,
				A1455CFC22E82969005F7CB3 /* HomeSocietyVC.swift */,
				A1455CFE22E82988005F7CB3 /* HomeVideoListVC.swift */,
				A1A14CED22DDA5A4006C3680 /* HomeDetailViewController.swift */,
				A124730422F1A3A2006CB708 /* HomeLiveDetailVC.swift */,
			);
			path = HHHomeViewController;
			sourceTree = "<group>";
		};
		A1A14CE422DD7D80006C3680 /* HHHomeView */ = {
			isa = PBXGroup;
			children = (
				A195E37122EC4F32008A817E /* HomeAudio */,
				A195E37D22EC4F32008A817E /* HomeLive */,
				A195E37422EC4F32008A817E /* HomeRecommended */,
			);
			path = HHHomeView;
			sourceTree = "<group>";
		};
		A1A14CE922DDA533006C3680 /* HHBase */ = {
			isa = PBXGroup;
			children = (
				A1A14CE022DD7530006C3680 /* HHTabBarController.swift */,
				A1A14CE722DDA25D006C3680 /* HHNavigationController.swift */,
				A1A14CEA22DDA53D006C3680 /* HHBaseViewController */,
			);
			path = HHBase;
			sourceTree = "<group>";
		};
		A1A14CEA22DDA53D006C3680 /* HHBaseViewController */ = {
			isa = PBXGroup;
			children = (
				A1A14CEB22DDA569006C3680 /* HHBaseViewController.swift */,
				A154092322E5ABF800664422 /* HHPageViewController.swift */,
				A195E36D22EB2678008A817E /* HHWebViewController.swift */,
			);
			path = HHBaseViewController;
			sourceTree = "<group>";
		};
		A1A14CEF22DDAA34006C3680 /* HHDevice */ = {
			isa = PBXGroup;
			children = (
				A1A14CF022DDAA52006C3680 /* HHDevice.swift */,
				A1E0811722E42F1000C6E4E5 /* HHComment.swift */,
			);
			path = HHDevice;
			sourceTree = "<group>";
		};
		A1A14CF322DDED31006C3680 /* Extension */ = {
			isa = PBXGroup;
			children = (
				A1A14CF422DDED74006C3680 /* UIColorExtension.swift */,
				A1A14CF922DECB2E006C3680 /* UIViewControllerExtension.swift */,
				A195E38C22EDE779008A817E /* NSDateExtension.swift */,
				A195E38E22EEE4BA008A817E /* NSUrlExtension.swift */,
				A195E39022EEF8C8008A817E /* NSStringExtension.swift */,
			);
			path = Extension;
			sourceTree = "<group>";
		};
		A1A14CF622DEBD97006C3680 /* HHHttpservice */ = {
			isa = PBXGroup;
			children = (
				A1A14CF722DEBDD8006C3680 /* HHHTTPService.swift */,
			);
			path = HHHttpservice;
			sourceTree = "<group>";
		};
		A1A14CFB22DF17D5006C3680 /* HHModel */ = {
			isa = PBXGroup;
			children = (
				A1A14CFC22DF17F2006C3680 /* HHModel.swift */,
			);
			path = HHModel;
			sourceTree = "<group>";
		};
		A1E0810B22DF4C9F00C6E4E5 /* HHLogin */ = {
			isa = PBXGroup;
			children = (
				4C7EEAF2230BFA4900B0EAAC /* LoginViewModel */,
				A1E0810C22DF4CAE00C6E4E5 /* LoginViewController */,
			);
			path = HHLogin;
			sourceTree = "<group>";
		};
		A1E0810C22DF4CAE00C6E4E5 /* LoginViewController */ = {
			isa = PBXGroup;
			children = (
				A1E0810D22DF4CE600C6E4E5 /* LoginViewController.swift */,
				4C7EEAEE230BC8FF00B0EAAC /* CodeLoginViewController.swift */,
			);
			path = LoginViewController;
			sourceTree = "<group>";
		};
		A1E0811122E1618F00C6E4E5 /* HHEncryption */ = {
			isa = PBXGroup;
			children = (
				A1E0811222E161E800C6E4E5 /* NSStringEncryption.swift */,
			);
			path = HHEncryption;
			sourceTree = "<group>";
		};
		A1E0811422E1C42000C6E4E5 /* HHUser */ = {
			isa = PBXGroup;
			children = (
				A1E0811522E1C43300C6E4E5 /* HHUser.swift */,
			);
			path = HHUser;
			sourceTree = "<group>";
		};
		A1E0811922E4331700C6E4E5 /* HHComponent */ = {
			isa = PBXGroup;
			children = (
				4CFC9691241B1F9D001C2D5E /* HHVCManager */,
				A148C68622F6ADB10009A76A /* HHSQLTool */,
				A124730622F1E3D8006CB708 /* HHTool */,
				A1E0811A22E4339400C6E4E5 /* Refresh */,
				A1A14CF322DDED31006C3680 /* Extension */,
				A1E0811422E1C42000C6E4E5 /* HHUser */,
				A1E0811122E1618F00C6E4E5 /* HHEncryption */,
				A1A14CFB22DF17D5006C3680 /* HHModel */,
				A1A14CEF22DDAA34006C3680 /* HHDevice */,
			);
			path = HHComponent;
			sourceTree = "<group>";
		};
		A1E0811A22E4339400C6E4E5 /* Refresh */ = {
			isa = PBXGroup;
			children = (
				A1E0811B22E433AF00C6E4E5 /* HHRefresh.swift */,
			);
			path = Refresh;
			sourceTree = "<group>";
		};
		EBD745E2265D49BFCE98691D /* Frameworks */ = {
			isa = PBXGroup;
			children = (
				A2F5D2FF005F116DF532ACA5 /* Pods_SwiftHuoHua.framework */,
			);
			name = Frameworks;
			sourceTree = "<group>";
		};
/* End PBXGroup section */

/* Begin PBXNativeTarget section */
		A1A14CAE22DCB5AC006C3680 /* SwiftHuoHua */ = {
			isa = PBXNativeTarget;
			buildConfigurationList = A1A14CD722DCB5AF006C3680 /* Build configuration list for PBXNativeTarget "SwiftHuoHua" */;
			buildPhases = (
				9401EEECA5A747B3BA1442B5 /* [CP] Check Pods Manifest.lock */,
				A1A14CAB22DCB5AC006C3680 /* Sources */,
				A1A14CAC22DCB5AC006C3680 /* Frameworks */,
				A1A14CAD22DCB5AC006C3680 /* Resources */,
				47840B5CEAE6A7300FCD4B61 /* [CP] Embed Pods Frameworks */,
			);
			buildRules = (
			);
			dependencies = (
			);
			name = SwiftHuoHua;
			productName = SwiftHuoHua;
			productReference = A1A14CAF22DCB5AC006C3680 /* SwiftHuoHua.app */;
			productType = "com.apple.product-type.application";
		};
		A1A14CC222DCB5AF006C3680 /* SwiftHuoHuaTests */ = {
			isa = PBXNativeTarget;
			buildConfigurationList = A1A14CDA22DCB5AF006C3680 /* Build configuration list for PBXNativeTarget "SwiftHuoHuaTests" */;
			buildPhases = (
				A1A14CBF22DCB5AF006C3680 /* Sources */,
				A1A14CC022DCB5AF006C3680 /* Frameworks */,
				A1A14CC122DCB5AF006C3680 /* Resources */,
			);
			buildRules = (
			);
			dependencies = (
				A1A14CC522DCB5AF006C3680 /* PBXTargetDependency */,
			);
			name = SwiftHuoHuaTests;
			productName = SwiftHuoHuaTests;
			productReference = A1A14CC322DCB5AF006C3680 /* SwiftHuoHuaTests.xctest */;
			productType = "com.apple.product-type.bundle.unit-test";
		};
		A1A14CCD22DCB5AF006C3680 /* SwiftHuoHuaUITests */ = {
			isa = PBXNativeTarget;
			buildConfigurationList = A1A14CDD22DCB5AF006C3680 /* Build configuration list for PBXNativeTarget "SwiftHuoHuaUITests" */;
			buildPhases = (
				A1A14CCA22DCB5AF006C3680 /* Sources */,
				A1A14CCB22DCB5AF006C3680 /* Frameworks */,
				A1A14CCC22DCB5AF006C3680 /* Resources */,
			);
			buildRules = (
			);
			dependencies = (
				A1A14CD022DCB5AF006C3680 /* PBXTargetDependency */,
			);
			name = SwiftHuoHuaUITests;
			productName = SwiftHuoHuaUITests;
			productReference = A1A14CCE22DCB5AF006C3680 /* SwiftHuoHuaUITests.xctest */;
			productType = "com.apple.product-type.bundle.ui-testing";
		};
/* End PBXNativeTarget section */

/* Begin PBXProject section */
		A1A14CA722DCB5AC006C3680 /* Project object */ = {
			isa = PBXProject;
			attributes = {
				LastSwiftUpdateCheck = 1020;
				LastUpgradeCheck = 1020;
				ORGANIZATIONNAME = "White-C";
				TargetAttributes = {
					A1A14CAE22DCB5AC006C3680 = {
						CreatedOnToolsVersion = 10.2.1;
					};
					A1A14CC222DCB5AF006C3680 = {
						CreatedOnToolsVersion = 10.2.1;
						TestTargetID = A1A14CAE22DCB5AC006C3680;
					};
					A1A14CCD22DCB5AF006C3680 = {
						CreatedOnToolsVersion = 10.2.1;
						TestTargetID = A1A14CAE22DCB5AC006C3680;
					};
				};
			};
			buildConfigurationList = A1A14CAA22DCB5AC006C3680 /* Build configuration list for PBXProject "SwiftHuoHua" */;
			compatibilityVersion = "Xcode 9.3";
			developmentRegion = en;
			hasScannedForEncodings = 0;
			knownRegions = (
				en,
				Base,
			);
			mainGroup = A1A14CA622DCB5AC006C3680;
			productRefGroup = A1A14CB022DCB5AC006C3680 /* Products */;
			projectDirPath = "";
			projectRoot = "";
			targets = (
				A1A14CAE22DCB5AC006C3680 /* SwiftHuoHua */,
				A1A14CC222DCB5AF006C3680 /* SwiftHuoHuaTests */,
				A1A14CCD22DCB5AF006C3680 /* SwiftHuoHuaUITests */,
			);
		};
/* End PBXProject section */

/* Begin PBXResourcesBuildPhase section */
		A1A14CAD22DCB5AC006C3680 /* Resources */ = {
			isa = PBXResourcesBuildPhase;
			buildActionMask = 2147483647;
			files = (
				A195E38422EC4F33008A817E /* HHHomeTableViewCell.xib in Resources */,
				A195E38A22EC4F33008A817E /* HomeLiveCollectionCell.xib in Resources */,
				A1455D0722E86986005F7CB3 /* AudiolistCell.xib in Resources */,
				A195E38822EC4F33008A817E /* HomeAudioCollectionCell.xib in Resources */,
				A195E38022EC4F33008A817E /* HomeAudioListCell.xib in Resources */,
				A1A14CBD22DCB5AF006C3680 /* LaunchScreen.storyboard in Resources */,
				A1A14CBA22DCB5AF006C3680 /* Assets.xcassets in Resources */,
				A195E38922EC4F33008A817E /* HomeBannerCell.xib in Resources */,
				A195E38222EC4F33008A817E /* HomeAudioCell.xib in Resources */,
			);
			runOnlyForDeploymentPostprocessing = 0;
		};
		A1A14CC122DCB5AF006C3680 /* Resources */ = {
			isa = PBXResourcesBuildPhase;
			buildActionMask = 2147483647;
			files = (
			);
			runOnlyForDeploymentPostprocessing = 0;
		};
		A1A14CCC22DCB5AF006C3680 /* Resources */ = {
			isa = PBXResourcesBuildPhase;
			buildActionMask = 2147483647;
			files = (
			);
			runOnlyForDeploymentPostprocessing = 0;
		};
/* End PBXResourcesBuildPhase section */

/* Begin PBXShellScriptBuildPhase section */
		47840B5CEAE6A7300FCD4B61 /* [CP] Embed Pods Frameworks */ = {
			isa = PBXShellScriptBuildPhase;
			buildActionMask = 2147483647;
			files = (
			);
			inputFileListPaths = (
				"${PODS_ROOT}/Target Support Files/Pods-SwiftHuoHua/Pods-SwiftHuoHua-frameworks-${CONFIGURATION}-input-files.xcfilelist",
			);
			name = "[CP] Embed Pods Frameworks";
			outputFileListPaths = (
				"${PODS_ROOT}/Target Support Files/Pods-SwiftHuoHua/Pods-SwiftHuoHua-frameworks-${CONFIGURATION}-output-files.xcfilelist",
			);
			runOnlyForDeploymentPostprocessing = 0;
			shellPath = /bin/sh;
			shellScript = "\"${PODS_ROOT}/Target Support Files/Pods-SwiftHuoHua/Pods-SwiftHuoHua-frameworks.sh\"\n";
			showEnvVarsInLog = 0;
		};
		9401EEECA5A747B3BA1442B5 /* [CP] Check Pods Manifest.lock */ = {
			isa = PBXShellScriptBuildPhase;
			buildActionMask = 2147483647;
			files = (
			);
			inputPaths = (
				"${PODS_PODFILE_DIR_PATH}/Podfile.lock",
				"${PODS_ROOT}/Manifest.lock",
			);
			name = "[CP] Check Pods Manifest.lock";
			outputPaths = (
				"$(DERIVED_FILE_DIR)/Pods-SwiftHuoHua-checkManifestLockResult.txt",
			);
			runOnlyForDeploymentPostprocessing = 0;
			shellPath = /bin/sh;
			shellScript = "diff \"${PODS_PODFILE_DIR_PATH}/Podfile.lock\" \"${PODS_ROOT}/Manifest.lock\" > /dev/null\nif [ $? != 0 ] ; then\n    # print error to STDERR\n    echo \"error: The sandbox is not in sync with the Podfile.lock. Run 'pod install' or update your CocoaPods installation.\" >&2\n    exit 1\nfi\n# This output is used by Xcode 'outputs' to avoid re-running this script phase.\necho \"SUCCESS\" > \"${SCRIPT_OUTPUT_FILE_0}\"\n";
			showEnvVarsInLog = 0;
		};
/* End PBXShellScriptBuildPhase section */

/* Begin PBXSourcesBuildPhase section */
		A1A14CAB22DCB5AC006C3680 /* Sources */ = {
			isa = PBXSourcesBuildPhase;
			buildActionMask = 2147483647;
			files = (
				A1E0811622E1C43300C6E4E5 /* HHUser.swift in Sources */,
				A195E36E22EB2678008A817E /* HHWebViewController.swift in Sources */,
				4C7EEAEF230BC8FF00B0EAAC /* CodeLoginViewController.swift in Sources */,
				A148C68E22F6BC360009A76A /* HHCircleVC.swift in Sources */,
				A1E0810E22DF4CE600C6E4E5 /* LoginViewController.swift in Sources */,
				A1A14CF122DDAA52006C3680 /* HHDevice.swift in Sources */,
				A195E38322EC4F33008A817E /* HomeBannerCell.swift in Sources */,
				A124730522F1A3A2006CB708 /* HomeLiveDetailVC.swift in Sources */,
				A1455CF722E82878005F7CB3 /* HomeRecommendVC.swift in Sources */,
				A1A14CEE22DDA5A4006C3680 /* HomeDetailViewController.swift in Sources */,
				A154092422E5ABF800664422 /* HHPageViewController.swift in Sources */,
				A1A14CFD22DF17F2006C3680 /* HHModel.swift in Sources */,
				A148C68822F6AE300009A76A /* HHSQLModel.swift in Sources */,
				A1A14CFA22DECB2E006C3680 /* UIViewControllerExtension.swift in Sources */,
				A195E38122EC4F33008A817E /* HomeAudioListCell.swift in Sources */,
				A1E0811822E42F1000C6E4E5 /* HHComment.swift in Sources */,
				A1A14CB322DCB5AC006C3680 /* AppDelegate.swift in Sources */,
				A1A14CF822DEBDD8006C3680 /* HHHTTPService.swift in Sources */,
				A1E0811C22E433AF00C6E4E5 /* HHRefresh.swift in Sources */,
				4C7EEAF1230BE40800B0EAAC /* CodeLoginViewModel.swift in Sources */,
				A195E37022EC2BD1008A817E /* HHAudioAlbumViewController.swift in Sources */,
				A1A14CF522DDED74006C3680 /* UIColorExtension.swift in Sources */,
				A1455CF522E82818005F7CB3 /* HomeLiveViewController.swift in Sources */,
				A1A14CE122DD7530006C3680 /* HHTabBarController.swift in Sources */,
				A154092222E594F200664422 /* HHAudioController.swift in Sources */,
				A195E38D22EDE779008A817E /* NSDateExtension.swift in Sources */,
				A1E0811322E161E800C6E4E5 /* NSStringEncryption.swift in Sources */,
				4CFC9693241B1FCD001C2D5E /* HHVCManager.swift in Sources */,
				A1455CFB22E82933005F7CB3 /* HomeProjectVC.swift in Sources */,
				A195E39122EEF8C8008A817E /* NSStringExtension.swift in Sources */,
				A148C68A22F6B8C20009A76A /* HHSQLRealmTool.swift in Sources */,
				A195E38B22EC4F33008A817E /* HomeLiveCollectionCell.swift in Sources */,
				A124730822F1E4A8006CB708 /* HHSaveTool.swift in Sources */,
				A154092622E6ABD800664422 /* HHAudioListViewController.swift in Sources */,
				A1455CFF22E82988005F7CB3 /* HomeVideoListVC.swift in Sources */,
				A1A14CE622DD7E55006C3680 /* HomeViewController.swift in Sources */,
				A154092822E6AC2300664422 /* HHAudioIntroduceViewController.swift in Sources */,
				A195E38522EC4F33008A817E /* HHHomeTableViewCell.swift in Sources */,
				A195E38722EC4F33008A817E /* HomeAudioCell.swift in Sources */,
				A148C6CC22F83C8A0009A76A /* HHSearchViewController.swift in Sources */,
				A1A14CE822DDA25D006C3680 /* HHNavigationController.swift in Sources */,
				A1455D0C22E9AC1C005F7CB3 /* HHAudioPlayManger.swift in Sources */,
				A195E38F22EEE4BA008A817E /* NSUrlExtension.swift in Sources */,
				A1455CFD22E82969005F7CB3 /* HomeSocietyVC.swift in Sources */,
				A1A14CEC22DDA569006C3680 /* HHBaseViewController.swift in Sources */,
				A1455CF922E8291C005F7CB3 /* HomeSolutionListVC.swift in Sources */,
				A1455D0622E86986005F7CB3 /* AudiolistCell.swift in Sources */,
				A195E38622EC4F33008A817E /* HomeAudioCollectionCell.swift in Sources */,
				A1455CF322E82801005F7CB3 /* HomeAudioViewController.swift in Sources */,
			);
			runOnlyForDeploymentPostprocessing = 0;
		};
		A1A14CBF22DCB5AF006C3680 /* Sources */ = {
			isa = PBXSourcesBuildPhase;
			buildActionMask = 2147483647;
			files = (
				A1A14CC822DCB5AF006C3680 /* SwiftHuoHuaTests.swift in Sources */,
			);
			runOnlyForDeploymentPostprocessing = 0;
		};
		A1A14CCA22DCB5AF006C3680 /* Sources */ = {
			isa = PBXSourcesBuildPhase;
			buildActionMask = 2147483647;
			files = (
				A1A14CD322DCB5AF006C3680 /* SwiftHuoHuaUITests.swift in Sources */,
			);
			runOnlyForDeploymentPostprocessing = 0;
		};
/* End PBXSourcesBuildPhase section */

/* Begin PBXTargetDependency section */
		A1A14CC522DCB5AF006C3680 /* PBXTargetDependency */ = {
			isa = PBXTargetDependency;
			target = A1A14CAE22DCB5AC006C3680 /* SwiftHuoHua */;
			targetProxy = A1A14CC422DCB5AF006C3680 /* PBXContainerItemProxy */;
		};
		A1A14CD022DCB5AF006C3680 /* PBXTargetDependency */ = {
			isa = PBXTargetDependency;
			target = A1A14CAE22DCB5AC006C3680 /* SwiftHuoHua */;
			targetProxy = A1A14CCF22DCB5AF006C3680 /* PBXContainerItemProxy */;
		};
/* End PBXTargetDependency section */

/* Begin PBXVariantGroup section */
		A1A14CBB22DCB5AF006C3680 /* LaunchScreen.storyboard */ = {
			isa = PBXVariantGroup;
			children = (
				A1A14CBC22DCB5AF006C3680 /* Base */,
			);
			name = LaunchScreen.storyboard;
			sourceTree = "<group>";
		};
/* End PBXVariantGroup section */

/* Begin XCBuildConfiguration section */
		A1A14CD522DCB5AF006C3680 /* Debug */ = {
			isa = XCBuildConfiguration;
			buildSettings = {
				ALWAYS_SEARCH_USER_PATHS = NO;
				CLANG_ANALYZER_NONNULL = YES;
				CLANG_ANALYZER_NUMBER_OBJECT_CONVERSION = YES_AGGRESSIVE;
				CLANG_CXX_LANGUAGE_STANDARD = "gnu++14";
				CLANG_CXX_LIBRARY = "libc++";
				CLANG_ENABLE_MODULES = YES;
				CLANG_ENABLE_OBJC_ARC = YES;
				CLANG_ENABLE_OBJC_WEAK = YES;
				CLANG_WARN_BLOCK_CAPTURE_AUTORELEASING = YES;
				CLANG_WARN_BOOL_CONVERSION = YES;
				CLANG_WARN_COMMA = YES;
				CLANG_WARN_CONSTANT_CONVERSION = YES;
				CLANG_WARN_DEPRECATED_OBJC_IMPLEMENTATIONS = YES;
				CLANG_WARN_DIRECT_OBJC_ISA_USAGE = YES_ERROR;
				CLANG_WARN_DOCUMENTATION_COMMENTS = YES;
				CLANG_WARN_EMPTY_BODY = YES;
				CLANG_WARN_ENUM_CONVERSION = YES;
				CLANG_WARN_INFINITE_RECURSION = YES;
				CLANG_WARN_INT_CONVERSION = YES;
				CLANG_WARN_NON_LITERAL_NULL_CONVERSION = YES;
				CLANG_WARN_OBJC_IMPLICIT_RETAIN_SELF = YES;
				CLANG_WARN_OBJC_LITERAL_CONVERSION = YES;
				CLANG_WARN_OBJC_ROOT_CLASS = YES_ERROR;
				CLANG_WARN_RANGE_LOOP_ANALYSIS = YES;
				CLANG_WARN_STRICT_PROTOTYPES = YES;
				CLANG_WARN_SUSPICIOUS_MOVE = YES;
				CLANG_WARN_UNGUARDED_AVAILABILITY = YES_AGGRESSIVE;
				CLANG_WARN_UNREACHABLE_CODE = YES;
				CLANG_WARN__DUPLICATE_METHOD_MATCH = YES;
				CODE_SIGN_IDENTITY = "iPhone Developer";
				COPY_PHASE_STRIP = NO;
				DEBUG_INFORMATION_FORMAT = dwarf;
				ENABLE_STRICT_OBJC_MSGSEND = YES;
				ENABLE_TESTABILITY = YES;
				GCC_C_LANGUAGE_STANDARD = gnu11;
				GCC_DYNAMIC_NO_PIC = NO;
				GCC_NO_COMMON_BLOCKS = YES;
				GCC_OPTIMIZATION_LEVEL = 0;
				GCC_PREPROCESSOR_DEFINITIONS = (
					"DEBUG=1",
					"$(inherited)",
				);
				GCC_WARN_64_TO_32_BIT_CONVERSION = YES;
				GCC_WARN_ABOUT_RETURN_TYPE = YES_ERROR;
				GCC_WARN_UNDECLARED_SELECTOR = YES;
				GCC_WARN_UNINITIALIZED_AUTOS = YES_AGGRESSIVE;
				GCC_WARN_UNUSED_FUNCTION = YES;
				GCC_WARN_UNUSED_VARIABLE = YES;
				IPHONEOS_DEPLOYMENT_TARGET = 12.2;
				MTL_ENABLE_DEBUG_INFO = INCLUDE_SOURCE;
				MTL_FAST_MATH = YES;
				ONLY_ACTIVE_ARCH = YES;
				SDKROOT = iphoneos;
				SWIFT_ACTIVE_COMPILATION_CONDITIONS = DEBUG;
				SWIFT_OPTIMIZATION_LEVEL = "-Onone";
			};
			name = Debug;
		};
		A1A14CD622DCB5AF006C3680 /* Release */ = {
			isa = XCBuildConfiguration;
			buildSettings = {
				ALWAYS_SEARCH_USER_PATHS = NO;
				CLANG_ANALYZER_NONNULL = YES;
				CLANG_ANALYZER_NUMBER_OBJECT_CONVERSION = YES_AGGRESSIVE;
				CLANG_CXX_LANGUAGE_STANDARD = "gnu++14";
				CLANG_CXX_LIBRARY = "libc++";
				CLANG_ENABLE_MODULES = YES;
				CLANG_ENABLE_OBJC_ARC = YES;
				CLANG_ENABLE_OBJC_WEAK = YES;
				CLANG_WARN_BLOCK_CAPTURE_AUTORELEASING = YES;
				CLANG_WARN_BOOL_CONVERSION = YES;
				CLANG_WARN_COMMA = YES;
				CLANG_WARN_CONSTANT_CONVERSION = YES;
				CLANG_WARN_DEPRECATED_OBJC_IMPLEMENTATIONS = YES;
				CLANG_WARN_DIRECT_OBJC_ISA_USAGE = YES_ERROR;
				CLANG_WARN_DOCUMENTATION_COMMENTS = YES;
				CLANG_WARN_EMPTY_BODY = YES;
				CLANG_WARN_ENUM_CONVERSION = YES;
				CLANG_WARN_INFINITE_RECURSION = YES;
				CLANG_WARN_INT_CONVERSION = YES;
				CLANG_WARN_NON_LITERAL_NULL_CONVERSION = YES;
				CLANG_WARN_OBJC_IMPLICIT_RETAIN_SELF = YES;
				CLANG_WARN_OBJC_LITERAL_CONVERSION = YES;
				CLANG_WARN_OBJC_ROOT_CLASS = YES_ERROR;
				CLANG_WARN_RANGE_LOOP_ANALYSIS = YES;
				CLANG_WARN_STRICT_PROTOTYPES = YES;
				CLANG_WARN_SUSPICIOUS_MOVE = YES;
				CLANG_WARN_UNGUARDED_AVAILABILITY = YES_AGGRESSIVE;
				CLANG_WARN_UNREACHABLE_CODE = YES;
				CLANG_WARN__DUPLICATE_METHOD_MATCH = YES;
				CODE_SIGN_IDENTITY = "iPhone Developer";
				COPY_PHASE_STRIP = NO;
				DEBUG_INFORMATION_FORMAT = "dwarf-with-dsym";
				ENABLE_NS_ASSERTIONS = NO;
				ENABLE_STRICT_OBJC_MSGSEND = YES;
				GCC_C_LANGUAGE_STANDARD = gnu11;
				GCC_NO_COMMON_BLOCKS = YES;
				GCC_WARN_64_TO_32_BIT_CONVERSION = YES;
				GCC_WARN_ABOUT_RETURN_TYPE = YES_ERROR;
				GCC_WARN_UNDECLARED_SELECTOR = YES;
				GCC_WARN_UNINITIALIZED_AUTOS = YES_AGGRESSIVE;
				GCC_WARN_UNUSED_FUNCTION = YES;
				GCC_WARN_UNUSED_VARIABLE = YES;
				IPHONEOS_DEPLOYMENT_TARGET = 12.2;
				MTL_ENABLE_DEBUG_INFO = NO;
				MTL_FAST_MATH = YES;
				SDKROOT = iphoneos;
				SWIFT_COMPILATION_MODE = wholemodule;
				SWIFT_OPTIMIZATION_LEVEL = "-O";
				VALIDATE_PRODUCT = YES;
			};
			name = Release;
		};
		A1A14CD822DCB5AF006C3680 /* Debug */ = {
			isa = XCBuildConfiguration;
			baseConfigurationReference = 82C78198A9BEFDFF5721A3A5 /* Pods-SwiftHuoHua.debug.xcconfig */;
			buildSettings = {
				ASSETCATALOG_COMPILER_APPICON_NAME = AppIcon;
				CODE_SIGN_STYLE = Automatic;
				DEVELOPMENT_TEAM = 8N4A75FTPE;
				INFOPLIST_FILE = SwiftHuoHua/Info.plist;
				IPHONEOS_DEPLOYMENT_TARGET = 9.0;
				LD_RUNPATH_SEARCH_PATHS = (
					"$(inherited)",
					"@executable_path/Frameworks",
				);
				PRODUCT_BUNDLE_IDENTIFIER = com.mxz.SwiftHuoHua;
				PRODUCT_NAME = "$(TARGET_NAME)";
				SWIFT_VERSION = 5.0;
				TARGETED_DEVICE_FAMILY = "1,2";
			};
			name = Debug;
		};
		A1A14CD922DCB5AF006C3680 /* Release */ = {
			isa = XCBuildConfiguration;
			baseConfigurationReference = A28C697FE1C075CEB8231B76 /* Pods-SwiftHuoHua.release.xcconfig */;
			buildSettings = {
				ASSETCATALOG_COMPILER_APPICON_NAME = AppIcon;
				CODE_SIGN_STYLE = Automatic;
				DEVELOPMENT_TEAM = 8N4A75FTPE;
				INFOPLIST_FILE = SwiftHuoHua/Info.plist;
				IPHONEOS_DEPLOYMENT_TARGET = 9.0;
				LD_RUNPATH_SEARCH_PATHS = (
					"$(inherited)",
					"@executable_path/Frameworks",
				);
				PRODUCT_BUNDLE_IDENTIFIER = com.mxz.SwiftHuoHua;
				PRODUCT_NAME = "$(TARGET_NAME)";
				SWIFT_VERSION = 5.0;
				TARGETED_DEVICE_FAMILY = "1,2";
			};
			name = Release;
		};
		A1A14CDB22DCB5AF006C3680 /* Debug */ = {
			isa = XCBuildConfiguration;
			buildSettings = {
				ALWAYS_EMBED_SWIFT_STANDARD_LIBRARIES = YES;
				BUNDLE_LOADER = "$(TEST_HOST)";
				CODE_SIGN_STYLE = Automatic;
				INFOPLIST_FILE = SwiftHuoHuaTests/Info.plist;
				LD_RUNPATH_SEARCH_PATHS = (
					"$(inherited)",
					"@executable_path/Frameworks",
					"@loader_path/Frameworks",
				);
				PRODUCT_BUNDLE_IDENTIFIER = com.mxz.SwiftHuoHuaTests;
				PRODUCT_NAME = "$(TARGET_NAME)";
				SWIFT_VERSION = 5.0;
				TARGETED_DEVICE_FAMILY = "1,2";
				TEST_HOST = "$(BUILT_PRODUCTS_DIR)/SwiftHuoHua.app/SwiftHuoHua";
			};
			name = Debug;
		};
		A1A14CDC22DCB5AF006C3680 /* Release */ = {
			isa = XCBuildConfiguration;
			buildSettings = {
				ALWAYS_EMBED_SWIFT_STANDARD_LIBRARIES = YES;
				BUNDLE_LOADER = "$(TEST_HOST)";
				CODE_SIGN_STYLE = Automatic;
				INFOPLIST_FILE = SwiftHuoHuaTests/Info.plist;
				LD_RUNPATH_SEARCH_PATHS = (
					"$(inherited)",
					"@executable_path/Frameworks",
					"@loader_path/Frameworks",
				);
				PRODUCT_BUNDLE_IDENTIFIER = com.mxz.SwiftHuoHuaTests;
				PRODUCT_NAME = "$(TARGET_NAME)";
				SWIFT_VERSION = 5.0;
				TARGETED_DEVICE_FAMILY = "1,2";
				TEST_HOST = "$(BUILT_PRODUCTS_DIR)/SwiftHuoHua.app/SwiftHuoHua";
			};
			name = Release;
		};
		A1A14CDE22DCB5AF006C3680 /* Debug */ = {
			isa = XCBuildConfiguration;
			buildSettings = {
				ALWAYS_EMBED_SWIFT_STANDARD_LIBRARIES = YES;
				CODE_SIGN_STYLE = Automatic;
				INFOPLIST_FILE = SwiftHuoHuaUITests/Info.plist;
				LD_RUNPATH_SEARCH_PATHS = (
					"$(inherited)",
					"@executable_path/Frameworks",
					"@loader_path/Frameworks",
				);
				PRODUCT_BUNDLE_IDENTIFIER = com.mxz.SwiftHuoHuaUITests;
				PRODUCT_NAME = "$(TARGET_NAME)";
				SWIFT_VERSION = 5.0;
				TARGETED_DEVICE_FAMILY = "1,2";
				TEST_TARGET_NAME = SwiftHuoHua;
			};
			name = Debug;
		};
		A1A14CDF22DCB5AF006C3680 /* Release */ = {
			isa = XCBuildConfiguration;
			buildSettings = {
				ALWAYS_EMBED_SWIFT_STANDARD_LIBRARIES = YES;
				CODE_SIGN_STYLE = Automatic;
				INFOPLIST_FILE = SwiftHuoHuaUITests/Info.plist;
				LD_RUNPATH_SEARCH_PATHS = (
					"$(inherited)",
					"@executable_path/Frameworks",
					"@loader_path/Frameworks",
				);
				PRODUCT_BUNDLE_IDENTIFIER = com.mxz.SwiftHuoHuaUITests;
				PRODUCT_NAME = "$(TARGET_NAME)";
				SWIFT_VERSION = 5.0;
				TARGETED_DEVICE_FAMILY = "1,2";
				TEST_TARGET_NAME = SwiftHuoHua;
			};
			name = Release;
		};
/* End XCBuildConfiguration section */

/* Begin XCConfigurationList section */
		A1A14CAA22DCB5AC006C3680 /* Build configuration list for PBXProject "SwiftHuoHua" */ = {
			isa = XCConfigurationList;
			buildConfigurations = (
				A1A14CD522DCB5AF006C3680 /* Debug */,
				A1A14CD622DCB5AF006C3680 /* Release */,
			);
			defaultConfigurationIsVisible = 0;
			defaultConfigurationName = Release;
		};
		A1A14CD722DCB5AF006C3680 /* Build configuration list for PBXNativeTarget "SwiftHuoHua" */ = {
			isa = XCConfigurationList;
			buildConfigurations = (
				A1A14CD822DCB5AF006C3680 /* Debug */,
				A1A14CD922DCB5AF006C3680 /* Release */,
			);
			defaultConfigurationIsVisible = 0;
			defaultConfigurationName = Release;
		};
		A1A14CDA22DCB5AF006C3680 /* Build configuration list for PBXNativeTarget "SwiftHuoHuaTests" */ = {
			isa = XCConfigurationList;
			buildConfigurations = (
				A1A14CDB22DCB5AF006C3680 /* Debug */,
				A1A14CDC22DCB5AF006C3680 /* Release */,
			);
			defaultConfigurationIsVisible = 0;
			defaultConfigurationName = Release;
		};
		A1A14CDD22DCB5AF006C3680 /* Build configuration list for PBXNativeTarget "SwiftHuoHuaUITests" */ = {
			isa = XCConfigurationList;
			buildConfigurations = (
				A1A14CDE22DCB5AF006C3680 /* Debug */,
				A1A14CDF22DCB5AF006C3680 /* Release */,
			);
			defaultConfigurationIsVisible = 0;
			defaultConfigurationName = Release;
		};
/* End XCConfigurationList section */
	};
	rootObject = A1A14CA722DCB5AC006C3680 /* Project object */;
}
